
Microsoft Visual Studio Solution File, Format Version 12.00
# Visual Studio Version 17
VisualStudioVersion = 17.11.35222.181
MinimumVisualStudioVersion = 10.0.40219.1
Project("{9A19103F-16F7-4668-BE54-9A1E7A4F7556}") = "Oetang.API", "Oetang.API.csproj", "{F3E4AD45-FA1A-474F-977B-15841E4F3811}"
EndProject
Global
	GlobalSection(SolutionConfigurationPlatforms) = preSolution
		Debug|Any CPU = Debug|Any CPU
		Release|Any CPU = Release|Any CPU
	EndGlobalSection
	GlobalSection(ProjectConfigurationPlatforms) = postSolution
		{F3E4AD45-FA1A-474F-977B-15841E4F3811}.Debug|Any CPU.ActiveCfg = Debug|Any CPU
		{F3E4AD45-FA1A-474F-977B-15841E4F3811}.Debug|Any CPU.Build.0 = Debug|Any CPU
		{F3E4AD45-FA1A-474F-977B-15841E4F3811}.Release|Any CPU.ActiveCfg = Release|Any CPU
		{F3E4AD45-FA1A-474F-977B-15841E4F3811}.Release|Any CPU.Build.0 = Release|Any CPU
	EndGlobalSection
	GlobalSection(SolutionProperties) = preSolution
		HideSolutionNode = FALSE
	EndGlobalSection
	GlobalSection(ExtensibilityGlobals) = postSolution
		SolutionGuid = {4D1A111E-2AE8-43BC-A25A-45F05A0D234A}
	EndGlobalSection
EndGlobal
